
Microsoft Visual Studio Solution File, Format Version 12.00
# Visual Studio Version 17
VisualStudioVersion = 17.0.32112.339
MinimumVisualStudioVersion = 10.0.40219.1
Project("{9A19103F-16F7-4668-BE54-9A1E7A4F7556}") = "xportdocs", "xportdocs.csproj", "{B244CF27-F7A0-4850-A2D6-95F23D68361B}"
EndProject
Global
	GlobalSection(SolutionConfigurationPlatforms) = preSolution
		Debug|Any CPU = Debug|Any CPU
		Release|Any CPU = Release|Any CPU
	EndGlobalSection
	GlobalSection(ProjectConfigurationPlatforms) = postSolution
		{B244CF27-F7A0-4850-A2D6-95F23D68361B}.Debug|Any CPU.ActiveCfg = Release|Any CPU
		{B244CF27-F7A0-4850-A2D6-95F23D68361B}.Debug|Any CPU.Build.0 = Release|Any CPU
		{B244CF27-F7A0-4850-A2D6-95F23D68361B}.Release|Any CPU.ActiveCfg = Release|Any CPU
		{B244CF27-F7A0-4850-A2D6-95F23D68361B}.Release|Any CPU.Build.0 = Release|Any CPU
	EndGlobalSection
	GlobalSection(SolutionProperties) = preSolution
		HideSolutionNode = FALSE
	EndGlobalSection
	GlobalSection(ExtensibilityGlobals) = postSolution
		SolutionGuid = {B4C4D212-DCB2-43E0-81E6-506D31E8A00E}
	EndGlobalSection
EndGlobal
